// !$*UTF8*$!
{
	archiveVersion = 1;
	classes = {
	};
	objectVersion = 46;
	objects = {

/* Begin PBXBuildFile section */
		256995461C5E0A6500B93473 /* AppDelegate.swift in Sources */ = {isa = PBXBuildFile; fileRef = 256995451C5E0A6500B93473 /* AppDelegate.swift */; };
		256995481C5E0A6500B93473 /* ViewController.swift in Sources */ = {isa = PBXBuildFile; fileRef = 256995471C5E0A6500B93473 /* ViewController.swift */; };
		2569954B1C5E0A6500B93473 /* Main.storyboard in Resources */ = {isa = PBXBuildFile; fileRef = 256995491C5E0A6500B93473 /* Main.storyboard */; };
		2569954D1C5E0A6500B93473 /* Assets.xcassets in Resources */ = {isa = PBXBuildFile; fileRef = 2569954C1C5E0A6500B93473 /* Assets.xcassets */; };
		256995501C5E0A6500B93473 /* LaunchScreen.storyboard in Resources */ = {isa = PBXBuildFile; fileRef = 2569954E1C5E0A6500B93473 /* LaunchScreen.storyboard */; };
/* End PBXBuildFile section */

/* Begin PBXFileReference section */
		256995421C5E0A6500B93473 /* Graph.app */ = {isa = PBXFileReference; explicitFileType = wrapper.application; includeInIndex = 0; path = Graph.app; sourceTree = BUILT_PRODUCTS_DIR; };
		256995451C5E0A6500B93473 /* AppDelegate.swift */ = {isa = PBXFileReference; lastKnownFileType = sourcecode.swift; path = AppDelegate.swift; sourceTree = "<group>"; };
		256995471C5E0A6500B93473 /* ViewController.swift */ = {isa = PBXFileReference; lastKnownFileType = sourcecode.swift; path = ViewController.swift; sourceTree = "<group>"; };
		2569954A1C5E0A6500B93473 /* Base */ = {isa = PBXFileReference; lastKnownFileType = file.storyboard; name = Base; path = Base.lproj/Main.storyboard; sourceTree = "<group>"; };
		2569954C1C5E0A6500B93473 /* Assets.xcassets */ = {isa = PBXFileReference; lastKnownFileType = folder.assetcatalog; path = Assets.xcassets; sourceTree = "<group>"; };
		2569954F1C5E0A6500B93473 /* Base */ = {isa = PBXFileReference; lastKnownFileType = file.storyboard; name = Base; path = Base.lproj/LaunchScreen.storyboard; sourceTree = "<group>"; };
		256995511C5E0A6500B93473 /* Info.plist */ = {isa = PBXFileReference; lastKnownFileType = text.plist.xml; path = Info.plist; sourceTree = "<group>"; };
/* End PBXFileReference section */

/* Begin PBXFrameworksBuildPhase section */
		2569953F1C5E0A6500B93473 /* Frameworks */ = {
			isa = PBXFrameworksBuildPhase;
			buildActionMask = 2147483647;
			files = (
			);
			runOnlyForDeploymentPostprocessing = 0;
		};
/* End PBXFrameworksBuildPhase section */

/* Begin PBXGroup section */
		256995391C5E0A6500B93473 = {
			isa = PBXGroup;
			children = (
				256995441C5E0A6500B93473 /* Graph */,
				256995431C5E0A6500B93473 /* Products */,
			);
			sourceTree = "<group>";
		};
		256995431C5E0A6500B93473 /* Products */ = {
			isa = PBXGroup;
			children = (
				256995421C5E0A6500B93473 /* Graph.app */,
			);
			name = Products;
			sourceTree = "<group>";
		};
		256995441C5E0A6500B93473 /* Graph */ = {
			isa = PBXGroup;
			children = (
				256995451C5E0A6500B93473 /* AppDelegate.swift */,
				256995471C5E0A6500B93473 /* ViewController.swift */,
				256995491C5E0A6500B93473 /* Main.storyboard */,
				2569954C1C5E0A6500B93473 /* Assets.xcassets */,
				2569954E1C5E0A6500B93473 /* LaunchScreen.storyboard */,
				256995511C5E0A6500B93473 /* Info.plist */,
			);
			path = Graph;
			sourceTree = "<group>";
		};
/* End PBXGroup section */

/* Begin PBXNativeTarget section */
		256995411C5E0A6500B93473 /* Graph */ = {
			isa = PBXNativeTarget;
			buildConfigurationList = 256995541C5E0A6500B93473 /* Build configuration list for PBXNativeTarget "Graph" */;
			buildPhases = (
				2569953E1C5E0A6500B93473 /* Sources */,
				2569953F1C5E0A6500B93473 /* Frameworks */,
				256995401C5E0A6500B93473 /* Resources */,
			);
			buildRules = (
			);
			dependencies = (
			);
			name = Graph;
			productName = Graph;
			productReference = 256995421C5E0A6500B93473 /* Graph.app */;
			productType = "com.apple.product-type.application";
		};
/* End PBXNativeTarget section */

/* Begin PBXProject section */
		2569953A1C5E0A6500B93473 /* Project object */ = {
			isa = PBXProject;
			attributes = {
				LastSwiftUpdateCheck = 0720;
				LastUpgradeCheck = 0720;
				ORGANIZATIONNAME = "Franklin Schrans";
				TargetAttributes = {
					256995411C5E0A6500B93473 = {
						CreatedOnToolsVersion = 7.2;
					};
				};
			};
			buildConfigurationList = 2569953D1C5E0A6500B93473 /* Build configuration list for PBXProject "Graph" */;
			compatibilityVersion = "Xcode 3.2";
			developmentRegion = English;
			hasScannedForEncodings = 0;
			knownRegions = (
				en,
				Base,
			);
			mainGroup = 256995391C5E0A6500B93473;
			productRefGroup = 256995431C5E0A6500B93473 /* Products */;
			projectDirPath = "";
			projectRoot = "";
			targets = (
				256995411C5E0A6500B93473 /* Graph */,
			);
		};
/* End PBXProject section */

/* Begin PBXResourcesBuildPhase section */
		256995401C5E0A6500B93473 /* Resources */ = {
			isa = PBXResourcesBuildPhase;
			buildActionMask = 2147483647;
			files = (
				256995501C5E0A6500B93473 /* LaunchScreen.storyboard in Resources */,
				2569954D1C5E0A6500B93473 /* Assets.xcassets in Resources */,
				2569954B1C5E0A6500B93473 /* Main.storyboard in Resources */,
			);
			runOnlyForDeploymentPostprocessing = 0;
		};
/* End PBXResourcesBuildPhase section */

/* Begin PBXSourcesBuildPhase section */
		2569953E1C5E0A6500B93473 /* Sources */ = {
			isa = PBXSourcesBuildPhase;
			buildActionMask = 2147483647;
			files = (
				256995481C5E0A6500B93473 /* ViewController.swift in Sources */,
				256995461C5E0A6500B93473 /* AppDelegate.swift in Sources */,
			);
			runOnlyForDeploymentPostprocessing = 0;
		};
/* End PBXSourcesBuildPhase section */

/* Begin PBXVariantGroup section */
		256995491C5E0A6500B93473 /* Main.storyboard */ = {
			isa = PBXVariantGroup;
			children = (
				2569954A1C5E0A6500B93473 /* Base */,
			);
			name = Main.storyboard;
			sourceTree = "<group>";
		};
		2569954E1C5E0A6500B93473 /* LaunchScreen.storyboard */ = {
			isa = PBXVariantGroup;
			children = (
				2569954F1C5E0A6500B93473 /* Base */,
			);
			name = LaunchScreen.storyboard;
			sourceTree = "<group>";
		};
/* End PBXVariantGroup section */

/* Begin XCBuildConfiguration section */
		256995521C5E0A6500B93473 /* Debug */ = {
			isa = XCBuildConfiguration;
			buildSettings = {
				ALWAYS_SEARCH_USER_PATHS = NO;
				CLANG_CXX_LANGUAGE_STANDARD = "gnu++0x";
				CLANG_CXX_LIBRARY = "libc++";
				CLANG_ENABLE_MODULES = YES;
				CLANG_ENABLE_OBJC_ARC = YES;
				CLANG_WARN_BOOL_CONVERSION = YES;
				CLANG_WARN_CONSTANT_CONVERSION = YES;
				CLANG_WARN_DIRECT_OBJC_ISA_USAGE = YES_ERROR;
				CLANG_WARN_EMPTY_BODY = YES;
				CLANG_WARN_ENUM_CONVERSION = YES;
				CLANG_WARN_INT_CONVERSION = YES;
				CLANG_WARN_OBJC_ROOT_CLASS = YES_ERROR;
				CLANG_WARN_UNREACHABLE_CODE = YES;
				CLANG_WARN__DUPLICATE_METHOD_MATCH = YES;
				"CODE_SIGN_IDENTITY[sdk=iphoneos*]" = "iPhone Developer";
				COPY_PHASE_STRIP = NO;
				DEBUG_INFORMATION_FORMAT = dwarf;
				ENABLE_STRICT_OBJC_MSGSEND = YES;
				ENABLE_TESTABILITY = YES;
				GCC_C_LANGUAGE_STANDARD = gnu99;
				GCC_DYNAMIC_NO_PIC = NO;
				GCC_NO_COMMON_BLOCKS = YES;
				GCC_OPTIMIZATION_LEVEL = 0;
				GCC_PREPROCESSOR_DEFINITIONS = (
					"DEBUG=1",
					"$(inherited)",
				);
				GCC_WARN_64_TO_32_BIT_CONVERSION = YES;
				GCC_WARN_ABOUT_RETURN_TYPE = YES_ERROR;
				GCC_WARN_UNDECLARED_SELECTOR = YES;
				GCC_WARN_UNINITIALIZED_AUTOS = YES_AGGRESSIVE;
				GCC_WARN_UNUSED_FUNCTION = YES;
				GCC_WARN_UNUSED_VARIABLE = YES;
				IPHONEOS_DEPLOYMENT_TARGET = 9.2;
				MTL_ENABLE_DEBUG_INFO = YES;
				ONLY_ACTIVE_ARCH = YES;
				SDKROOT = iphoneos;
				SWIFT_OPTIMIZATION_LEVEL = "-Onone";
			};
			name = Debug;
		};
		256995531C5E0A6500B93473 /* Release */ = {
			isa = XCBuildConfiguration;
			buildSettings = {
				ALWAYS_SEARCH_USER_PATHS = NO;
				CLANG_CXX_LANGUAGE_STANDARD = "gnu++0x";
				CLANG_CXX_LIBRARY = "libc++";
				CLANG_ENABLE_MODULES = YES;
				CLANG_ENABLE_OBJC_ARC = YES;
				CLANG_WARN_BOOL_CONVERSION = YES;
				CLANG_WARN_CONSTANT_CONVERSION = YES;
				CLANG_WARN_DIRECT_OBJC_ISA_USAGE = YES_ERROR;
				CLANG_WARN_EMPTY_BODY = YES;
				CLANG_WARN_ENUM_CONVERSION = YES;
				CLANG_WARN_INT_CONVERSION = YES;
				CLANG_WARN_OBJC_ROOT_CLASS = YES_ERROR;
				CLANG_WARN_UNREACHABLE_CODE = YES;
				CLANG_WARN__DUPLICATE_METHOD_MATCH = YES;
				"CODE_SIGN_IDENTITY[sdk=iphoneos*]" = "iPhone Developer";
				COPY_PHASE_STRIP = NO;
				DEBUG_INFORMATION_FORMAT = "dwarf-with-dsym";
				ENABLE_NS_ASSERTIONS = NO;
				ENABLE_STRICT_OBJC_MSGSEND = YES;
				GCC_C_LANGUAGE_STANDARD = gnu99;
				GCC_NO_COMMON_BLOCKS = YES;
				GCC_WARN_64_TO_32_BIT_CONVERSION = YES;
				GCC_WARN_ABOUT_RETURN_TYPE = YES_ERROR;
				GCC_WARN_UNDECLARED_SELECTOR = YES;
				GCC_WARN_UNINITIALIZED_AUTOS = YES_AGGRESSIVE;
				GCC_WARN_UNUSED_FUNCTION = YES;
				GCC_WARN_UNUSED_VARIABLE = YES;
				IPHONEOS_DEPLOYMENT_TARGET = 9.2;
				MTL_ENABLE_DEBUG_INFO = NO;
				SDKROOT = iphoneos;
				VALIDATE_PRODUCT = YES;
			};
			name = Release;
		};
		256995551C5E0A6500B93473 /* Debug */ = {
			isa = XCBuildConfiguration;
			buildSettings = {
				ASSETCATALOG_COMPILER_APPICON_NAME = AppIcon;
				INFOPLIST_FILE = Graph/Info.plist;
				LD_RUNPATH_SEARCH_PATHS = "$(inherited) @executable_path/Frameworks";
				PRODUCT_BUNDLE_IDENTIFIER = com.franklinschrans.com.Graph;
				PRODUCT_NAME = "$(TARGET_NAME)";
			};
			name = Debug;
		};
		256995561C5E0A6500B93473 /* Release */ = {
			isa = XCBuildConfiguration;
			buildSettings = {
				ASSETCATALOG_COMPILER_APPICON_NAME = AppIcon;
				INFOPLIST_FILE = Graph/Info.plist;
				LD_RUNPATH_SEARCH_PATHS = "$(inherited) @executable_path/Frameworks";
				PRODUCT_BUNDLE_IDENTIFIER = com.franklinschrans.com.Graph;
				PRODUCT_NAME = "$(TARGET_NAME)";
			};
			name = Release;
		};
/* End XCBuildConfiguration section */

/* Begin XCConfigurationList section */
		2569953D1C5E0A6500B93473 /* Build configuration list for PBXProject "Graph" */ = {
			isa = XCConfigurationList;
			buildConfigurations = (
				256995521C5E0A6500B93473 /* Debug */,
				256995531C5E0A6500B93473 /* Release */,
			);
			defaultConfigurationIsVisible = 0;
			defaultConfigurationName = Release;
		};
		256995541C5E0A6500B93473 /* Build configuration list for PBXNativeTarget "Graph" */ = {
			isa = XCConfigurationList;
			buildConfigurations = (
				256995551C5E0A6500B93473 /* Debug */,
				256995561C5E0A6500B93473 /* Release */,
			);
			defaultConfigurationIsVisible = 0;
		};
/* End XCConfigurationList section */
	};
	rootObject = 2569953A1C5E0A6500B93473 /* Project object */;
}
