// !$*UTF8*$!
{
	archiveVersion = 1;
	classes = {
	};
	objectVersion = 46;
	objects = {

/* Begin PBXBuildFile section */
		25BD2FF81C5CEE1200D2E521 /* AppDelegate.swift in Sources */ = {isa = PBXBuildFile; fileRef = 25BD2FF71C5CEE1200D2E521 /* AppDelegate.swift */; };
		25BD2FFA1C5CEE1200D2E521 /* ViewController.swift in Sources */ = {isa = PBXBuildFile; fileRef = 25BD2FF91C5CEE1200D2E521 /* ViewController.swift */; };
		25BD2FFD1C5CEE1200D2E521 /* Main.storyboard in Resources */ = {isa = PBXBuildFile; fileRef = 25BD2FFB1C5CEE1200D2E521 /* Main.storyboard */; };
		25BD30001C5CEE1200D2E521 /* usagi_iOS.xcdatamodeld in Sources */ = {isa = PBXBuildFile; fileRef = 25BD2FFE1C5CEE1200D2E521 /* usagi_iOS.xcdatamodeld */; };
		25BD30021C5CEE1200D2E521 /* Assets.xcassets in Resources */ = {isa = PBXBuildFile; fileRef = 25BD30011C5CEE1200D2E521 /* Assets.xcassets */; };
		25BD30051C5CEE1200D2E521 /* LaunchScreen.storyboard in Resources */ = {isa = PBXBuildFile; fileRef = 25BD30031C5CEE1200D2E521 /* LaunchScreen.storyboard */; };
/* End PBXBuildFile section */

/* Begin PBXFileReference section */
		25BD2FF41C5CEE1100D2E521 /* usagi-iOS.app */ = {isa = PBXFileReference; explicitFileType = wrapper.application; includeInIndex = 0; path = "usagi-iOS.app"; sourceTree = BUILT_PRODUCTS_DIR; };
		25BD2FF71C5CEE1200D2E521 /* AppDelegate.swift */ = {isa = PBXFileReference; lastKnownFileType = sourcecode.swift; path = AppDelegate.swift; sourceTree = "<group>"; };
		25BD2FF91C5CEE1200D2E521 /* ViewController.swift */ = {isa = PBXFileReference; lastKnownFileType = sourcecode.swift; path = ViewController.swift; sourceTree = "<group>"; };
		25BD2FFC1C5CEE1200D2E521 /* Base */ = {isa = PBXFileReference; lastKnownFileType = file.storyboard; name = Base; path = Base.lproj/Main.storyboard; sourceTree = "<group>"; };
		25BD2FFF1C5CEE1200D2E521 /* usagi_iOS.xcdatamodel */ = {isa = PBXFileReference; lastKnownFileType = wrapper.xcdatamodel; path = usagi_iOS.xcdatamodel; sourceTree = "<group>"; };
		25BD30011C5CEE1200D2E521 /* Assets.xcassets */ = {isa = PBXFileReference; lastKnownFileType = folder.assetcatalog; path = Assets.xcassets; sourceTree = "<group>"; };
		25BD30041C5CEE1200D2E521 /* Base */ = {isa = PBXFileReference; lastKnownFileType = file.storyboard; name = Base; path = Base.lproj/LaunchScreen.storyboard; sourceTree = "<group>"; };
		25BD30061C5CEE1200D2E521 /* Info.plist */ = {isa = PBXFileReference; lastKnownFileType = text.plist.xml; path = Info.plist; sourceTree = "<group>"; };
/* End PBXFileReference section */

/* Begin PBXFrameworksBuildPhase section */
		25BD2FF11C5CEE1100D2E521 /* Frameworks */ = {
			isa = PBXFrameworksBuildPhase;
			buildActionMask = 2147483647;
			files = (
			);
			runOnlyForDeploymentPostprocessing = 0;
		};
/* End PBXFrameworksBuildPhase section */

/* Begin PBXGroup section */
		25BD2FEB1C5CEE1100D2E521 = {
			isa = PBXGroup;
			children = (
				25BD2FF61C5CEE1200D2E521 /* usagi-iOS */,
				25BD2FF51C5CEE1100D2E521 /* Products */,
			);
			sourceTree = "<group>";
		};
		25BD2FF51C5CEE1100D2E521 /* Products */ = {
			isa = PBXGroup;
			children = (
				25BD2FF41C5CEE1100D2E521 /* usagi-iOS.app */,
			);
			name = Products;
			sourceTree = "<group>";
		};
		25BD2FF61C5CEE1200D2E521 /* usagi-iOS */ = {
			isa = PBXGroup;
			children = (
				25BD2FF71C5CEE1200D2E521 /* AppDelegate.swift */,
				25BD2FF91C5CEE1200D2E521 /* ViewController.swift */,
				25BD2FFB1C5CEE1200D2E521 /* Main.storyboard */,
				25BD30011C5CEE1200D2E521 /* Assets.xcassets */,
				25BD30031C5CEE1200D2E521 /* LaunchScreen.storyboard */,
				25BD30061C5CEE1200D2E521 /* Info.plist */,
				25BD2FFE1C5CEE1200D2E521 /* usagi_iOS.xcdatamodeld */,
			);
			path = "usagi-iOS";
			sourceTree = "<group>";
		};
/* End PBXGroup section */

/* Begin PBXNativeTarget section */
		25BD2FF31C5CEE1100D2E521 /* usagi-iOS */ = {
			isa = PBXNativeTarget;
			buildConfigurationList = 25BD30091C5CEE1200D2E521 /* Build configuration list for PBXNativeTarget "usagi-iOS" */;
			buildPhases = (
				25BD2FF01C5CEE1100D2E521 /* Sources */,
				25BD2FF11C5CEE1100D2E521 /* Frameworks */,
				25BD2FF21C5CEE1100D2E521 /* Resources */,
			);
			buildRules = (
			);
			dependencies = (
			);
			name = "usagi-iOS";
			productName = "usagi-iOS";
			productReference = 25BD2FF41C5CEE1100D2E521 /* usagi-iOS.app */;
			productType = "com.apple.product-type.application";
		};
/* End PBXNativeTarget section */

/* Begin PBXProject section */
		25BD2FEC1C5CEE1100D2E521 /* Project object */ = {
			isa = PBXProject;
			attributes = {
				LastSwiftUpdateCheck = 0720;
				LastUpgradeCheck = 0720;
				ORGANIZATIONNAME = "Franklin Schrans";
				TargetAttributes = {
					25BD2FF31C5CEE1100D2E521 = {
						CreatedOnToolsVersion = 7.2;
					};
				};
			};
			buildConfigurationList = 25BD2FEF1C5CEE1100D2E521 /* Build configuration list for PBXProject "usagi-iOS" */;
			compatibilityVersion = "Xcode 3.2";
			developmentRegion = English;
			hasScannedForEncodings = 0;
			knownRegions = (
				en,
				Base,
			);
			mainGroup = 25BD2FEB1C5CEE1100D2E521;
			productRefGroup = 25BD2FF51C5CEE1100D2E521 /* Products */;
			projectDirPath = "";
			projectRoot = "";
			targets = (
				25BD2FF31C5CEE1100D2E521 /* usagi-iOS */,
			);
		};
/* End PBXProject section */

/* Begin PBXResourcesBuildPhase section */
		25BD2FF21C5CEE1100D2E521 /* Resources */ = {
			isa = PBXResourcesBuildPhase;
			buildActionMask = 2147483647;
			files = (
				25BD30051C5CEE1200D2E521 /* LaunchScreen.storyboard in Resources */,
				25BD30021C5CEE1200D2E521 /* Assets.xcassets in Resources */,
				25BD2FFD1C5CEE1200D2E521 /* Main.storyboard in Resources */,
			);
			runOnlyForDeploymentPostprocessing = 0;
		};
/* End PBXResourcesBuildPhase section */

/* Begin PBXSourcesBuildPhase section */
		25BD2FF01C5CEE1100D2E521 /* Sources */ = {
			isa = PBXSourcesBuildPhase;
			buildActionMask = 2147483647;
			files = (
				25BD30001C5CEE1200D2E521 /* usagi_iOS.xcdatamodeld in Sources */,
				25BD2FFA1C5CEE1200D2E521 /* ViewController.swift in Sources */,
				25BD2FF81C5CEE1200D2E521 /* AppDelegate.swift in Sources */,
			);
			runOnlyForDeploymentPostprocessing = 0;
		};
/* End PBXSourcesBuildPhase section */

/* Begin PBXVariantGroup section */
		25BD2FFB1C5CEE1200D2E521 /* Main.storyboard */ = {
			isa = PBXVariantGroup;
			children = (
				25BD2FFC1C5CEE1200D2E521 /* Base */,
			);
			name = Main.storyboard;
			sourceTree = "<group>";
		};
		25BD30031C5CEE1200D2E521 /* LaunchScreen.storyboard */ = {
			isa = PBXVariantGroup;
			children = (
				25BD30041C5CEE1200D2E521 /* Base */,
			);
			name = LaunchScreen.storyboard;
			sourceTree = "<group>";
		};
/* End PBXVariantGroup section */

/* Begin XCBuildConfiguration section */
		25BD30071C5CEE1200D2E521 /* Debug */ = {
			isa = XCBuildConfiguration;
			buildSettings = {
				ALWAYS_SEARCH_USER_PATHS = NO;
				CLANG_CXX_LANGUAGE_STANDARD = "gnu++0x";
				CLANG_CXX_LIBRARY = "libc++";
				CLANG_ENABLE_MODULES = YES;
				CLANG_ENABLE_OBJC_ARC = YES;
				CLANG_WARN_BOOL_CONVERSION = YES;
				CLANG_WARN_CONSTANT_CONVERSION = YES;
				CLANG_WARN_DIRECT_OBJC_ISA_USAGE = YES_ERROR;
				CLANG_WARN_EMPTY_BODY = YES;
				CLANG_WARN_ENUM_CONVERSION = YES;
				CLANG_WARN_INT_CONVERSION = YES;
				CLANG_WARN_OBJC_ROOT_CLASS = YES_ERROR;
				CLANG_WARN_UNREACHABLE_CODE = YES;
				CLANG_WARN__DUPLICATE_METHOD_MATCH = YES;
				"CODE_SIGN_IDENTITY[sdk=iphoneos*]" = "iPhone Developer";
				COPY_PHASE_STRIP = NO;
				DEBUG_INFORMATION_FORMAT = dwarf;
				ENABLE_STRICT_OBJC_MSGSEND = YES;
				ENABLE_TESTABILITY = YES;
				GCC_C_LANGUAGE_STANDARD = gnu99;
				GCC_DYNAMIC_NO_PIC = NO;
				GCC_NO_COMMON_BLOCKS = YES;
				GCC_OPTIMIZATION_LEVEL = 0;
				GCC_PREPROCESSOR_DEFINITIONS = (
					"DEBUG=1",
					"$(inherited)",
				);
				GCC_WARN_64_TO_32_BIT_CONVERSION = YES;
				GCC_WARN_ABOUT_RETURN_TYPE = YES_ERROR;
				GCC_WARN_UNDECLARED_SELECTOR = YES;
				GCC_WARN_UNINITIALIZED_AUTOS = YES_AGGRESSIVE;
				GCC_WARN_UNUSED_FUNCTION = YES;
				GCC_WARN_UNUSED_VARIABLE = YES;
				IPHONEOS_DEPLOYMENT_TARGET = 9.2;
				MTL_ENABLE_DEBUG_INFO = YES;
				ONLY_ACTIVE_ARCH = YES;
				SDKROOT = iphoneos;
				SWIFT_OPTIMIZATION_LEVEL = "-Onone";
			};
			name = Debug;
		};
		25BD30081C5CEE1200D2E521 /* Release */ = {
			isa = XCBuildConfiguration;
			buildSettings = {
				ALWAYS_SEARCH_USER_PATHS = NO;
				CLANG_CXX_LANGUAGE_STANDARD = "gnu++0x";
				CLANG_CXX_LIBRARY = "libc++";
				CLANG_ENABLE_MODULES = YES;
				CLANG_ENABLE_OBJC_ARC = YES;
				CLANG_WARN_BOOL_CONVERSION = YES;
				CLANG_WARN_CONSTANT_CONVERSION = YES;
				CLANG_WARN_DIRECT_OBJC_ISA_USAGE = YES_ERROR;
				CLANG_WARN_EMPTY_BODY = YES;
				CLANG_WARN_ENUM_CONVERSION = YES;
				CLANG_WARN_INT_CONVERSION = YES;
				CLANG_WARN_OBJC_ROOT_CLASS = YES_ERROR;
				CLANG_WARN_UNREACHABLE_CODE = YES;
				CLANG_WARN__DUPLICATE_METHOD_MATCH = YES;
				"CODE_SIGN_IDENTITY[sdk=iphoneos*]" = "iPhone Developer";
				COPY_PHASE_STRIP = NO;
				DEBUG_INFORMATION_FORMAT = "dwarf-with-dsym";
				ENABLE_NS_ASSERTIONS = NO;
				ENABLE_STRICT_OBJC_MSGSEND = YES;
				GCC_C_LANGUAGE_STANDARD = gnu99;
				GCC_NO_COMMON_BLOCKS = YES;
				GCC_WARN_64_TO_32_BIT_CONVERSION = YES;
				GCC_WARN_ABOUT_RETURN_TYPE = YES_ERROR;
				GCC_WARN_UNDECLARED_SELECTOR = YES;
				GCC_WARN_UNINITIALIZED_AUTOS = YES_AGGRESSIVE;
				GCC_WARN_UNUSED_FUNCTION = YES;
				GCC_WARN_UNUSED_VARIABLE = YES;
				IPHONEOS_DEPLOYMENT_TARGET = 9.2;
				MTL_ENABLE_DEBUG_INFO = NO;
				SDKROOT = iphoneos;
				VALIDATE_PRODUCT = YES;
			};
			name = Release;
		};
		25BD300A1C5CEE1200D2E521 /* Debug */ = {
			isa = XCBuildConfiguration;
			buildSettings = {
				ASSETCATALOG_COMPILER_APPICON_NAME = AppIcon;
				INFOPLIST_FILE = "usagi-iOS/Info.plist";
				LD_RUNPATH_SEARCH_PATHS = "$(inherited) @executable_path/Frameworks";
				PRODUCT_BUNDLE_IDENTIFIER = "com.franklinschrans.com.usagi-iOS";
				PRODUCT_NAME = "$(TARGET_NAME)";
			};
			name = Debug;
		};
		25BD300B1C5CEE1200D2E521 /* Release */ = {
			isa = XCBuildConfiguration;
			buildSettings = {
				ASSETCATALOG_COMPILER_APPICON_NAME = AppIcon;
				INFOPLIST_FILE = "usagi-iOS/Info.plist";
				LD_RUNPATH_SEARCH_PATHS = "$(inherited) @executable_path/Frameworks";
				PRODUCT_BUNDLE_IDENTIFIER = "com.franklinschrans.com.usagi-iOS";
				PRODUCT_NAME = "$(TARGET_NAME)";
			};
			name = Release;
		};
/* End XCBuildConfiguration section */

/* Begin XCConfigurationList section */
		25BD2FEF1C5CEE1100D2E521 /* Build configuration list for PBXProject "usagi-iOS" */ = {
			isa = XCConfigurationList;
			buildConfigurations = (
				25BD30071C5CEE1200D2E521 /* Debug */,
				25BD30081C5CEE1200D2E521 /* Release */,
			);
			defaultConfigurationIsVisible = 0;
			defaultConfigurationName = Release;
		};
		25BD30091C5CEE1200D2E521 /* Build configuration list for PBXNativeTarget "usagi-iOS" */ = {
			isa = XCConfigurationList;
			buildConfigurations = (
				25BD300A1C5CEE1200D2E521 /* Debug */,
				25BD300B1C5CEE1200D2E521 /* Release */,
			);
			defaultConfigurationIsVisible = 0;
		};
/* End XCConfigurationList section */

/* Begin XCVersionGroup section */
		25BD2FFE1C5CEE1200D2E521 /* usagi_iOS.xcdatamodeld */ = {
			isa = XCVersionGroup;
			children = (
				25BD2FFF1C5CEE1200D2E521 /* usagi_iOS.xcdatamodel */,
			);
			currentVersion = 25BD2FFF1C5CEE1200D2E521 /* usagi_iOS.xcdatamodel */;
			path = usagi_iOS.xcdatamodeld;
			sourceTree = "<group>";
			versionGroupType = wrapper.xcdatamodel;
		};
/* End XCVersionGroup section */
	};
	rootObject = 25BD2FEC1C5CEE1100D2E521 /* Project object */;
}
